
Microsoft Visual Studio Solution File, Format Version 12.00
# Visual Studio Version 16
VisualStudioVersion = 16.0.30225.117
MinimumVisualStudioVersion = 10.0.40219.1
Project("{8BC9CEB8-8B4A-11D0-8D11-00A0C91BC942}") = "OpenGL", "OpenGL\OpenGL.vcxproj", "{E41C574B-92EB-4EB5-BD7E-0A90CFFA90A2}"
EndProject
Global
	GlobalSection(SolutionConfigurationPlatforms) = preSolution
		Debug|x86 = Debug|x86
		Release|x86 = Release|x86
	EndGlobalSection
	GlobalSection(ProjectConfigurationPlatforms) = postSolution
		{E41C574B-92EB-4EB5-BD7E-0A90CFFA90A2}.Debug|x86.ActiveCfg = Debug|Win32
		{E41C574B-92EB-4EB5-BD7E-0A90CFFA90A2}.Debug|x86.Build.0 = Debug|Win32
		{E41C574B-92EB-4EB5-BD7E-0A90CFFA90A2}.Release|x86.ActiveCfg = Release|Win32
		{E41C574B-92EB-4EB5-BD7E-0A90CFFA90A2}.Release|x86.Build.0 = Release|Win32
	EndGlobalSection
	GlobalSection(SolutionProperties) = preSolution
		HideSolutionNode = FALSE
	EndGlobalSection
	GlobalSection(ExtensibilityGlobals) = postSolution
		SolutionGuid = {4EF99C36-6669-4D2A-84C4-54ED986ACF8C}
	EndGlobalSection
EndGlobal
